
Microsoft Visual Studio Solution File, Format Version 12.00
# Visual Studio Version 16
VisualStudioVersion = 16.0.29102.190
MinimumVisualStudioVersion = 10.0.40219.1
Project("{9A19103F-16F7-4668-BE54-9A1E7A4F7556}") = "MaxRev.Gdal.Core.Tests", "MaxRev.Gdal.Core.Tests\MaxRev.Gdal.Core.Tests.csproj", "{D14783C5-E098-4020-9DBD-FE31B773A48C}"
EndProject
Project("{E53339B2-1760-4266-BCC7-CA923CBCF16C}") = "docker-compose", "docker-compose.dcproj", "{E82FBDCE-730C-4766-A90B-B673983C6281}"
EndProject
Project("{9A19103F-16F7-4668-BE54-9A1E7A4F7556}") = "MaxRev.Gdal.Core.Tests.XUnit", "MaxRev.Gdal.Core.Tests.XUnit\MaxRev.Gdal.Core.Tests.XUnit.csproj", "{1262702F-7623-4AB8-AEE6-ABD75C984ED6}"
EndProject
Project("{9A19103F-16F7-4668-BE54-9A1E7A4F7556}") = "MaxRev.Gdal.Core.Tests.AzureFunctions", "MaxRev.Gdal.Core.Tests.AzureFunctions\MaxRev.Gdal.Core.Tests.AzureFunctions.csproj", "{8E774A35-FD49-484D-9325-BF07BCD00191}"
EndProject
Global
	GlobalSection(SolutionConfigurationPlatforms) = preSolution
		Debug|x64 = Debug|x64
		Release|x64 = Release|x64
	EndGlobalSection
	GlobalSection(ProjectConfigurationPlatforms) = postSolution
		{D14783C5-E098-4020-9DBD-FE31B773A48C}.Debug|x64.ActiveCfg = Debug|x64
		{D14783C5-E098-4020-9DBD-FE31B773A48C}.Debug|x64.Build.0 = Debug|x64
		{D14783C5-E098-4020-9DBD-FE31B773A48C}.Release|x64.ActiveCfg = Release|x64
		{D14783C5-E098-4020-9DBD-FE31B773A48C}.Release|x64.Build.0 = Release|x64
		{E82FBDCE-730C-4766-A90B-B673983C6281}.Debug|x64.ActiveCfg = Debug|x64
		{E82FBDCE-730C-4766-A90B-B673983C6281}.Debug|x64.Build.0 = Debug|x64
		{E82FBDCE-730C-4766-A90B-B673983C6281}.Release|x64.ActiveCfg = Release|x64
		{E82FBDCE-730C-4766-A90B-B673983C6281}.Release|x64.Build.0 = Release|x64
		{1262702F-7623-4AB8-AEE6-ABD75C984ED6}.Debug|x64.ActiveCfg = Debug|x64
		{1262702F-7623-4AB8-AEE6-ABD75C984ED6}.Debug|x64.Build.0 = Debug|x64
		{1262702F-7623-4AB8-AEE6-ABD75C984ED6}.Release|x64.ActiveCfg = Release|x64
		{1262702F-7623-4AB8-AEE6-ABD75C984ED6}.Release|x64.Build.0 = Release|x64
		{8E774A35-FD49-484D-9325-BF07BCD00191}.Debug|x64.ActiveCfg = Debug|Any CPU
		{8E774A35-FD49-484D-9325-BF07BCD00191}.Debug|x64.Build.0 = Debug|Any CPU
		{8E774A35-FD49-484D-9325-BF07BCD00191}.Release|x64.ActiveCfg = Release|Any CPU
		{8E774A35-FD49-484D-9325-BF07BCD00191}.Release|x64.Build.0 = Release|Any CPU
	EndGlobalSection
	GlobalSection(SolutionProperties) = preSolution
		HideSolutionNode = FALSE
	EndGlobalSection
	GlobalSection(ExtensibilityGlobals) = postSolution
		SolutionGuid = {82061154-290D-4ECC-A9DE-0694AD04AA35}
	EndGlobalSection
EndGlobal
